
Microsoft Visual Studio Solution File, Format Version 12.00
# Visual Studio Version 16
VisualStudioVersion = 16.0.29519.87
MinimumVisualStudioVersion = 10.0.40219.1
Project("{FAE04EC0-301F-11D3-BF4B-00C04F79EFBC}") = "NugetProject", "NugetProject\NugetProject.csproj", "{A9BCAFB7-CA1C-4D6A-80A5-73B127DE3E60}"
EndProject
Global
	GlobalSection(SolutionConfigurationPlatforms) = preSolution
		Debug|Any CPU = Debug|Any CPU
		Release|Any CPU = Release|Any CPU
	EndGlobalSection
	GlobalSection(ProjectConfigurationPlatforms) = postSolution
		{A9BCAFB7-CA1C-4D6A-80A5-73B127DE3E60}.Debug|Any CPU.ActiveCfg = Debug|Any CPU
		{A9BCAFB7-CA1C-4D6A-80A5-73B127DE3E60}.Debug|Any CPU.Build.0 = Debug|Any CPU
		{A9BCAFB7-CA1C-4D6A-80A5-73B127DE3E60}.Release|Any CPU.ActiveCfg = Release|Any CPU
		{A9BCAFB7-CA1C-4D6A-80A5-73B127DE3E60}.Release|Any CPU.Build.0 = Release|Any CPU
	EndGlobalSection
	GlobalSection(SolutionProperties) = preSolution
		HideSolutionNode = FALSE
	EndGlobalSection
	GlobalSection(ExtensibilityGlobals) = postSolution
		SolutionGuid = {1FC41382-9108-4BAA-806E-C2CFE2D98DB2}
	EndGlobalSection
EndGlobal
