
Microsoft Visual Studio Solution File, Format Version 12.00
# Visual Studio Version 16
VisualStudioVersion = 16.0.29519.87
MinimumVisualStudioVersion = 10.0.40219.1
Project("{9A19103F-16F7-4668-BE54-9A1E7A4F7556}") = "NugetProject", "NugetProject\NugetProject.csproj", "{A9BCAFB7-CA1C-4D6A-80A5-73B127DE3E60}"
EndProject
Project("{9A19103F-16F7-4668-BE54-9A1E7A4F7556}") = "FactFactory", "FactFactory\FactFactory.csproj", "{9BDC7A05-6967-4845-AB7F-3767136ED98F}"
EndProject
Project("{2150E333-8FDC-42A3-9474-1A3956D46DE8}") = "FactFactorySpace", "FactFactorySpace", "{05F728D2-803F-4056-82AB-1262419DDD08}"
EndProject
Project("{9A19103F-16F7-4668-BE54-9A1E7A4F7556}") = "FactFactoryTests", "FactFactoryTests\FactFactoryTests.csproj", "{E617090E-FC37-4540-862D-07A0ED4CEFBC}"
EndProject
Project("{2150E333-8FDC-42A3-9474-1A3956D46DE8}") = "Infrastructure", "Infrastructure", "{F59B953D-A6E3-435D-BCDD-4D1F22B2A036}"
EndProject
Project("{9A19103F-16F7-4668-BE54-9A1E7A4F7556}") = "JwtTestAdapter", "Infrastructure\JwtTestAdapter\JwtTestAdapter.csproj", "{727B47D0-C91B-415E-AB0A-3BA27CD6974F}"
EndProject
Project("{9A19103F-16F7-4668-BE54-9A1E7A4F7556}") = "InfrastructureTests", "Infrastructure\InfrastructureTests\InfrastructureTests.csproj", "{AB633B69-6A85-4C1C-8AA7-749414A37349}"
EndProject
Project("{9A19103F-16F7-4668-BE54-9A1E7A4F7556}") = "Pipelines", "Infrastructure\Pipelines\Pipelines.csproj", "{85C638CD-CD70-4F7E-9F39-5D3892DC4456}"
EndProject
Project("{2150E333-8FDC-42A3-9474-1A3956D46DE8}") = "VersionedFactFactory", "VersionedFactFactory", "{3547EA62-D78C-4D23-A846-451179E70B32}"
EndProject
Project("{9A19103F-16F7-4668-BE54-9A1E7A4F7556}") = "FactFactory.Versioned", "VersionedFactFactory\FactFactory.Versioned\FactFactory.Versioned.csproj", "{5BFDA09D-ED48-4553-8A65-B9E9570C2DEC}"
EndProject
Global
	GlobalSection(SolutionConfigurationPlatforms) = preSolution
		Debug|Any CPU = Debug|Any CPU
		Release|Any CPU = Release|Any CPU
	EndGlobalSection
	GlobalSection(ProjectConfigurationPlatforms) = postSolution
		{A9BCAFB7-CA1C-4D6A-80A5-73B127DE3E60}.Debug|Any CPU.ActiveCfg = Debug|Any CPU
		{A9BCAFB7-CA1C-4D6A-80A5-73B127DE3E60}.Debug|Any CPU.Build.0 = Debug|Any CPU
		{A9BCAFB7-CA1C-4D6A-80A5-73B127DE3E60}.Release|Any CPU.ActiveCfg = Release|Any CPU
		{A9BCAFB7-CA1C-4D6A-80A5-73B127DE3E60}.Release|Any CPU.Build.0 = Release|Any CPU
		{9BDC7A05-6967-4845-AB7F-3767136ED98F}.Debug|Any CPU.ActiveCfg = Debug|Any CPU
		{9BDC7A05-6967-4845-AB7F-3767136ED98F}.Debug|Any CPU.Build.0 = Debug|Any CPU
		{9BDC7A05-6967-4845-AB7F-3767136ED98F}.Release|Any CPU.ActiveCfg = Release|Any CPU
		{9BDC7A05-6967-4845-AB7F-3767136ED98F}.Release|Any CPU.Build.0 = Release|Any CPU
		{E617090E-FC37-4540-862D-07A0ED4CEFBC}.Debug|Any CPU.ActiveCfg = Debug|Any CPU
		{E617090E-FC37-4540-862D-07A0ED4CEFBC}.Debug|Any CPU.Build.0 = Debug|Any CPU
		{E617090E-FC37-4540-862D-07A0ED4CEFBC}.Release|Any CPU.ActiveCfg = Release|Any CPU
		{E617090E-FC37-4540-862D-07A0ED4CEFBC}.Release|Any CPU.Build.0 = Release|Any CPU
		{727B47D0-C91B-415E-AB0A-3BA27CD6974F}.Debug|Any CPU.ActiveCfg = Debug|Any CPU
		{727B47D0-C91B-415E-AB0A-3BA27CD6974F}.Debug|Any CPU.Build.0 = Debug|Any CPU
		{727B47D0-C91B-415E-AB0A-3BA27CD6974F}.Release|Any CPU.ActiveCfg = Release|Any CPU
		{727B47D0-C91B-415E-AB0A-3BA27CD6974F}.Release|Any CPU.Build.0 = Release|Any CPU
		{AB633B69-6A85-4C1C-8AA7-749414A37349}.Debug|Any CPU.ActiveCfg = Debug|Any CPU
		{AB633B69-6A85-4C1C-8AA7-749414A37349}.Debug|Any CPU.Build.0 = Debug|Any CPU
		{AB633B69-6A85-4C1C-8AA7-749414A37349}.Release|Any CPU.ActiveCfg = Release|Any CPU
		{AB633B69-6A85-4C1C-8AA7-749414A37349}.Release|Any CPU.Build.0 = Release|Any CPU
		{85C638CD-CD70-4F7E-9F39-5D3892DC4456}.Debug|Any CPU.ActiveCfg = Debug|Any CPU
		{85C638CD-CD70-4F7E-9F39-5D3892DC4456}.Debug|Any CPU.Build.0 = Debug|Any CPU
		{85C638CD-CD70-4F7E-9F39-5D3892DC4456}.Release|Any CPU.ActiveCfg = Release|Any CPU
		{85C638CD-CD70-4F7E-9F39-5D3892DC4456}.Release|Any CPU.Build.0 = Release|Any CPU
		{5BFDA09D-ED48-4553-8A65-B9E9570C2DEC}.Debug|Any CPU.ActiveCfg = Debug|Any CPU
		{5BFDA09D-ED48-4553-8A65-B9E9570C2DEC}.Debug|Any CPU.Build.0 = Debug|Any CPU
		{5BFDA09D-ED48-4553-8A65-B9E9570C2DEC}.Release|Any CPU.ActiveCfg = Release|Any CPU
		{5BFDA09D-ED48-4553-8A65-B9E9570C2DEC}.Release|Any CPU.Build.0 = Release|Any CPU
	EndGlobalSection
	GlobalSection(SolutionProperties) = preSolution
		HideSolutionNode = FALSE
	EndGlobalSection
	GlobalSection(NestedProjects) = preSolution
		{9BDC7A05-6967-4845-AB7F-3767136ED98F} = {05F728D2-803F-4056-82AB-1262419DDD08}
		{E617090E-FC37-4540-862D-07A0ED4CEFBC} = {05F728D2-803F-4056-82AB-1262419DDD08}
		{727B47D0-C91B-415E-AB0A-3BA27CD6974F} = {F59B953D-A6E3-435D-BCDD-4D1F22B2A036}
		{AB633B69-6A85-4C1C-8AA7-749414A37349} = {F59B953D-A6E3-435D-BCDD-4D1F22B2A036}
		{85C638CD-CD70-4F7E-9F39-5D3892DC4456} = {F59B953D-A6E3-435D-BCDD-4D1F22B2A036}
		{5BFDA09D-ED48-4553-8A65-B9E9570C2DEC} = {3547EA62-D78C-4D23-A846-451179E70B32}
	EndGlobalSection
	GlobalSection(ExtensibilityGlobals) = postSolution
		SolutionGuid = {1FC41382-9108-4BAA-806E-C2CFE2D98DB2}
	EndGlobalSection
EndGlobal
