
Microsoft Visual Studio Solution File, Format Version 12.00
# Visual Studio Version 16
VisualStudioVersion = 16.0.29519.87
MinimumVisualStudioVersion = 10.0.40219.1
Project("{9A19103F-16F7-4668-BE54-9A1E7A4F7556}") = "NugetProject", "NugetProject\NugetProject.csproj", "{A9BCAFB7-CA1C-4D6A-80A5-73B127DE3E60}"
EndProject
Project("{9A19103F-16F7-4668-BE54-9A1E7A4F7556}") = "FactFactory", "FactFactory\FactFactory.csproj", "{9BDC7A05-6967-4845-AB7F-3767136ED98F}"
EndProject
Project("{2150E333-8FDC-42A3-9474-1A3956D46DE8}") = "Infrastructure", "Infrastructure", "{F59B953D-A6E3-435D-BCDD-4D1F22B2A036}"
EndProject
Project("{9A19103F-16F7-4668-BE54-9A1E7A4F7556}") = "InfrastructureTests", "Infrastructure\InfrastructureTests\InfrastructureTests.csproj", "{AB633B69-6A85-4C1C-8AA7-749414A37349}"
EndProject
Project("{2150E333-8FDC-42A3-9474-1A3956D46DE8}") = "VersionedFactFactory", "VersionedFactFactory", "{3547EA62-D78C-4D23-A846-451179E70B32}"
EndProject
Project("{9A19103F-16F7-4668-BE54-9A1E7A4F7556}") = "FactFactory.Versioned", "VersionedFactFactory\FactFactory.Versioned\FactFactory.Versioned.csproj", "{5BFDA09D-ED48-4553-8A65-B9E9570C2DEC}"
EndProject
Project("{9A19103F-16F7-4668-BE54-9A1E7A4F7556}") = "FactFactory.VersionedTests", "VersionedFactFactory\FactFactory.VersionedTests\FactFactory.VersionedTests.csproj", "{90291275-0D7E-4846-89BF-95C77A4BA498}"
EndProject
Project("{9A19103F-16F7-4668-BE54-9A1E7A4F7556}") = "FactFactory.TestsCommon", "Infrastructure\FactFactory.TestsCommon\FactFactory.TestsCommon.csproj", "{3AC49AB3-93F2-4A96-A408-7CBC3B12B130}"
EndProject
Project("{9A19103F-16F7-4668-BE54-9A1E7A4F7556}") = "Versioned_MovieServiceExample", "VersionedFactFactory\Versioned_MovieServiceExample\Versioned_MovieServiceExample.csproj", "{BBA497E3-6ABB-4E6D-9925-C107CA138E6C}"
EndProject
Project("{9A19103F-16F7-4668-BE54-9A1E7A4F7556}") = "FactFactory.Interfaces", "FactFactory.Interfaces\FactFactory.Interfaces.csproj", "{34D79D91-821F-429A-92EF-DACC3E80C275}"
EndProject
Project("{9A19103F-16F7-4668-BE54-9A1E7A4F7556}") = "FactFactory.BaseEntities", "FactFactory.BaseEntities\FactFactory.BaseEntities.csproj", "{8AB1CF62-4878-4568-A9A0-DF2703E7F053}"
EndProject
Project("{9A19103F-16F7-4668-BE54-9A1E7A4F7556}") = "FactFactory.Common", "FactFactory.Common\FactFactory.Common.csproj", "{428E6F33-AC49-4E29-A72E-F4463A9E11C9}"
EndProject
Project("{9A19103F-16F7-4668-BE54-9A1E7A4F7556}") = "FactFactory.Entities", "FactFactory.Entities\FactFactory.Entities.csproj", "{45B34CB5-7AAC-4FA0-81EE-EAF72B658A95}"
EndProject
Project("{9A19103F-16F7-4668-BE54-9A1E7A4F7556}") = "FactFactory.Facades", "FactFactory.Facades\FactFactory.Facades.csproj", "{6E08AB94-B861-4D2D-A646-DF09585027CB}"
EndProject
Project("{9A19103F-16F7-4668-BE54-9A1E7A4F7556}") = "MovieServiceExample", "MovieServiceExample\MovieServiceExample.csproj", "{79826B2E-EE8A-4F79-8460-EAC31B1C03D3}"
EndProject
Project("{9A19103F-16F7-4668-BE54-9A1E7A4F7556}") = "FactFactoryTests", "FactFactoryTests\FactFactoryTests.csproj", "{9CAD9AC5-61F2-4723-9114-00E2C58A3A0B}"
EndProject
Project("{FAE04EC0-301F-11D3-BF4B-00C04F79EFBC}") = "FactFactory.Versioned.Interfaces", "VersionedFactFactory\FactFactory.Versioned.Interfaces\FactFactory.Versioned.Interfaces.csproj", "{9147FC60-2D32-4C53-A650-74EFB3AF3DD1}"
EndProject
Global
	GlobalSection(SolutionConfigurationPlatforms) = preSolution
		Debug|Any CPU = Debug|Any CPU
		Release|Any CPU = Release|Any CPU
	EndGlobalSection
	GlobalSection(ProjectConfigurationPlatforms) = postSolution
		{A9BCAFB7-CA1C-4D6A-80A5-73B127DE3E60}.Debug|Any CPU.ActiveCfg = Debug|Any CPU
		{A9BCAFB7-CA1C-4D6A-80A5-73B127DE3E60}.Debug|Any CPU.Build.0 = Debug|Any CPU
		{A9BCAFB7-CA1C-4D6A-80A5-73B127DE3E60}.Release|Any CPU.ActiveCfg = Release|Any CPU
		{A9BCAFB7-CA1C-4D6A-80A5-73B127DE3E60}.Release|Any CPU.Build.0 = Release|Any CPU
		{9BDC7A05-6967-4845-AB7F-3767136ED98F}.Debug|Any CPU.ActiveCfg = Debug|Any CPU
		{9BDC7A05-6967-4845-AB7F-3767136ED98F}.Debug|Any CPU.Build.0 = Debug|Any CPU
		{9BDC7A05-6967-4845-AB7F-3767136ED98F}.Release|Any CPU.ActiveCfg = Release|Any CPU
		{9BDC7A05-6967-4845-AB7F-3767136ED98F}.Release|Any CPU.Build.0 = Release|Any CPU
		{AB633B69-6A85-4C1C-8AA7-749414A37349}.Debug|Any CPU.ActiveCfg = Debug|Any CPU
		{AB633B69-6A85-4C1C-8AA7-749414A37349}.Debug|Any CPU.Build.0 = Debug|Any CPU
		{AB633B69-6A85-4C1C-8AA7-749414A37349}.Release|Any CPU.ActiveCfg = Release|Any CPU
		{AB633B69-6A85-4C1C-8AA7-749414A37349}.Release|Any CPU.Build.0 = Release|Any CPU
		{5BFDA09D-ED48-4553-8A65-B9E9570C2DEC}.Debug|Any CPU.ActiveCfg = Debug|Any CPU
		{5BFDA09D-ED48-4553-8A65-B9E9570C2DEC}.Debug|Any CPU.Build.0 = Debug|Any CPU
		{5BFDA09D-ED48-4553-8A65-B9E9570C2DEC}.Release|Any CPU.ActiveCfg = Release|Any CPU
		{5BFDA09D-ED48-4553-8A65-B9E9570C2DEC}.Release|Any CPU.Build.0 = Release|Any CPU
		{90291275-0D7E-4846-89BF-95C77A4BA498}.Debug|Any CPU.ActiveCfg = Debug|Any CPU
		{90291275-0D7E-4846-89BF-95C77A4BA498}.Debug|Any CPU.Build.0 = Debug|Any CPU
		{90291275-0D7E-4846-89BF-95C77A4BA498}.Release|Any CPU.ActiveCfg = Release|Any CPU
		{90291275-0D7E-4846-89BF-95C77A4BA498}.Release|Any CPU.Build.0 = Release|Any CPU
		{3AC49AB3-93F2-4A96-A408-7CBC3B12B130}.Debug|Any CPU.ActiveCfg = Debug|Any CPU
		{3AC49AB3-93F2-4A96-A408-7CBC3B12B130}.Debug|Any CPU.Build.0 = Debug|Any CPU
		{3AC49AB3-93F2-4A96-A408-7CBC3B12B130}.Release|Any CPU.ActiveCfg = Release|Any CPU
		{3AC49AB3-93F2-4A96-A408-7CBC3B12B130}.Release|Any CPU.Build.0 = Release|Any CPU
		{BBA497E3-6ABB-4E6D-9925-C107CA138E6C}.Debug|Any CPU.ActiveCfg = Debug|Any CPU
		{BBA497E3-6ABB-4E6D-9925-C107CA138E6C}.Debug|Any CPU.Build.0 = Debug|Any CPU
		{BBA497E3-6ABB-4E6D-9925-C107CA138E6C}.Release|Any CPU.ActiveCfg = Release|Any CPU
		{BBA497E3-6ABB-4E6D-9925-C107CA138E6C}.Release|Any CPU.Build.0 = Release|Any CPU
		{34D79D91-821F-429A-92EF-DACC3E80C275}.Debug|Any CPU.ActiveCfg = Debug|Any CPU
		{34D79D91-821F-429A-92EF-DACC3E80C275}.Debug|Any CPU.Build.0 = Debug|Any CPU
		{34D79D91-821F-429A-92EF-DACC3E80C275}.Release|Any CPU.ActiveCfg = Release|Any CPU
		{34D79D91-821F-429A-92EF-DACC3E80C275}.Release|Any CPU.Build.0 = Release|Any CPU
		{8AB1CF62-4878-4568-A9A0-DF2703E7F053}.Debug|Any CPU.ActiveCfg = Debug|Any CPU
		{8AB1CF62-4878-4568-A9A0-DF2703E7F053}.Debug|Any CPU.Build.0 = Debug|Any CPU
		{8AB1CF62-4878-4568-A9A0-DF2703E7F053}.Release|Any CPU.ActiveCfg = Release|Any CPU
		{8AB1CF62-4878-4568-A9A0-DF2703E7F053}.Release|Any CPU.Build.0 = Release|Any CPU
		{428E6F33-AC49-4E29-A72E-F4463A9E11C9}.Debug|Any CPU.ActiveCfg = Debug|Any CPU
		{428E6F33-AC49-4E29-A72E-F4463A9E11C9}.Debug|Any CPU.Build.0 = Debug|Any CPU
		{428E6F33-AC49-4E29-A72E-F4463A9E11C9}.Release|Any CPU.ActiveCfg = Release|Any CPU
		{428E6F33-AC49-4E29-A72E-F4463A9E11C9}.Release|Any CPU.Build.0 = Release|Any CPU
		{45B34CB5-7AAC-4FA0-81EE-EAF72B658A95}.Debug|Any CPU.ActiveCfg = Debug|Any CPU
		{45B34CB5-7AAC-4FA0-81EE-EAF72B658A95}.Debug|Any CPU.Build.0 = Debug|Any CPU
		{45B34CB5-7AAC-4FA0-81EE-EAF72B658A95}.Release|Any CPU.ActiveCfg = Release|Any CPU
		{45B34CB5-7AAC-4FA0-81EE-EAF72B658A95}.Release|Any CPU.Build.0 = Release|Any CPU
		{6E08AB94-B861-4D2D-A646-DF09585027CB}.Debug|Any CPU.ActiveCfg = Debug|Any CPU
		{6E08AB94-B861-4D2D-A646-DF09585027CB}.Debug|Any CPU.Build.0 = Debug|Any CPU
		{6E08AB94-B861-4D2D-A646-DF09585027CB}.Release|Any CPU.ActiveCfg = Release|Any CPU
		{6E08AB94-B861-4D2D-A646-DF09585027CB}.Release|Any CPU.Build.0 = Release|Any CPU
		{79826B2E-EE8A-4F79-8460-EAC31B1C03D3}.Debug|Any CPU.ActiveCfg = Debug|Any CPU
		{79826B2E-EE8A-4F79-8460-EAC31B1C03D3}.Debug|Any CPU.Build.0 = Debug|Any CPU
		{79826B2E-EE8A-4F79-8460-EAC31B1C03D3}.Release|Any CPU.ActiveCfg = Release|Any CPU
		{79826B2E-EE8A-4F79-8460-EAC31B1C03D3}.Release|Any CPU.Build.0 = Release|Any CPU
		{9CAD9AC5-61F2-4723-9114-00E2C58A3A0B}.Debug|Any CPU.ActiveCfg = Debug|Any CPU
		{9CAD9AC5-61F2-4723-9114-00E2C58A3A0B}.Debug|Any CPU.Build.0 = Debug|Any CPU
		{9CAD9AC5-61F2-4723-9114-00E2C58A3A0B}.Release|Any CPU.ActiveCfg = Release|Any CPU
		{9CAD9AC5-61F2-4723-9114-00E2C58A3A0B}.Release|Any CPU.Build.0 = Release|Any CPU
		{9147FC60-2D32-4C53-A650-74EFB3AF3DD1}.Debug|Any CPU.ActiveCfg = Debug|Any CPU
		{9147FC60-2D32-4C53-A650-74EFB3AF3DD1}.Debug|Any CPU.Build.0 = Debug|Any CPU
		{9147FC60-2D32-4C53-A650-74EFB3AF3DD1}.Release|Any CPU.ActiveCfg = Release|Any CPU
		{9147FC60-2D32-4C53-A650-74EFB3AF3DD1}.Release|Any CPU.Build.0 = Release|Any CPU
	EndGlobalSection
	GlobalSection(SolutionProperties) = preSolution
		HideSolutionNode = FALSE
	EndGlobalSection
	GlobalSection(NestedProjects) = preSolution
		{AB633B69-6A85-4C1C-8AA7-749414A37349} = {F59B953D-A6E3-435D-BCDD-4D1F22B2A036}
		{5BFDA09D-ED48-4553-8A65-B9E9570C2DEC} = {3547EA62-D78C-4D23-A846-451179E70B32}
		{90291275-0D7E-4846-89BF-95C77A4BA498} = {3547EA62-D78C-4D23-A846-451179E70B32}
		{3AC49AB3-93F2-4A96-A408-7CBC3B12B130} = {F59B953D-A6E3-435D-BCDD-4D1F22B2A036}
		{BBA497E3-6ABB-4E6D-9925-C107CA138E6C} = {3547EA62-D78C-4D23-A846-451179E70B32}
		{9147FC60-2D32-4C53-A650-74EFB3AF3DD1} = {3547EA62-D78C-4D23-A846-451179E70B32}
	EndGlobalSection
	GlobalSection(ExtensibilityGlobals) = postSolution
		SolutionGuid = {1FC41382-9108-4BAA-806E-C2CFE2D98DB2}
	EndGlobalSection
EndGlobal
